
Microsoft Visual Studio Solution File, Format Version 12.00
# Visual Studio Version 16
VisualStudioVersion = 25.0.1705.1
MinimumVisualStudioVersion = 10.0.40219.1
Project("{FAE04EC0-301F-11D3-BF4B-00C04F79EFBC}") = "MyNetWebApp", "MyNetWebApp\MyNetWebApp.csproj", "{84CCF174-6A52-42D1-B6EA-358B7CA8C05B}"
EndProject
Global
	GlobalSection(SolutionConfigurationPlatforms) = preSolution
		Debug|Any CPU = Debug|Any CPU
		Release|Any CPU = Release|Any CPU
	EndGlobalSection
	GlobalSection(ProjectConfigurationPlatforms) = postSolution
		{84CCF174-6A52-42D1-B6EA-358B7CA8C05B}.Debug|Any CPU.ActiveCfg = Debug|Any CPU
		{84CCF174-6A52-42D1-B6EA-358B7CA8C05B}.Debug|Any CPU.Build.0 = Debug|Any CPU
		{84CCF174-6A52-42D1-B6EA-358B7CA8C05B}.Release|Any CPU.ActiveCfg = Release|Any CPU
		{84CCF174-6A52-42D1-B6EA-358B7CA8C05B}.Release|Any CPU.Build.0 = Release|Any CPU
	EndGlobalSection
	GlobalSection(SolutionProperties) = preSolution
		HideSolutionNode = FALSE
	EndGlobalSection
	GlobalSection(ExtensibilityGlobals) = postSolution
		SolutionGuid = {D6F6A3C9-8C34-4D05-93C9-020DDFD273ED}
	EndGlobalSection
EndGlobal
